
Microsoft Visual Studio Solution File, Format Version 11.00
# Visual Studio 2010
Project("{FAE04EC0-301F-11D3-BF4B-00C04F79EFBC}") = "Assembly-CSharp", "Assembly-CSharp.csproj", "{407e98de-fe65-b3e2-2fd3-3e21fa77764d}"
EndProject
Global
	GlobalSection(SolutionConfigurationPlatforms) = preSolution
		Debug|Any CPU = Debug|Any CPU
		Release|Any CPU = Release|Any CPU
	EndGlobalSection
	GlobalSection(ProjectConfigurationPlatforms) = postSolution
		{407e98de-fe65-b3e2-2fd3-3e21fa77764d}.Debug|Any CPU.ActiveCfg = Debug|Any CPU
		{407e98de-fe65-b3e2-2fd3-3e21fa77764d}.Debug|Any CPU.Build.0 = Debug|Any CPU
		{407e98de-fe65-b3e2-2fd3-3e21fa77764d}.Release|Any CPU.ActiveCfg = Release|Any CPU
		{407e98de-fe65-b3e2-2fd3-3e21fa77764d}.Release|Any CPU.Build.0 = Release|Any CPU
	EndGlobalSection
	GlobalSection(SolutionProperties) = preSolution
		HideSolutionNode = FALSE
	EndGlobalSection
EndGlobal
